
Microsoft Visual Studio Solution File, Format Version 12.00
# Visual Studio Version 16
VisualStudioVersion = 16.0.30517.126
MinimumVisualStudioVersion = 10.0.40219.1
Project("{FAE04EC0-301F-11D3-BF4B-00C04F79EFBC}") = "2deg", "2deg\2deg.csproj", "{51D0B104-1FFA-4A42-8613-82A377A20F57}"
EndProject
Global
	GlobalSection(SolutionConfigurationPlatforms) = preSolution
		Debug|Any CPU = Debug|Any CPU
		Release|Any CPU = Release|Any CPU
	EndGlobalSection
	GlobalSection(ProjectConfigurationPlatforms) = postSolution
		{51D0B104-1FFA-4A42-8613-82A377A20F57}.Debug|Any CPU.ActiveCfg = Debug|Any CPU
		{51D0B104-1FFA-4A42-8613-82A377A20F57}.Debug|Any CPU.Build.0 = Debug|Any CPU
		{51D0B104-1FFA-4A42-8613-82A377A20F57}.Release|Any CPU.ActiveCfg = Release|Any CPU
		{51D0B104-1FFA-4A42-8613-82A377A20F57}.Release|Any CPU.Build.0 = Release|Any CPU
	EndGlobalSection
	GlobalSection(SolutionProperties) = preSolution
		HideSolutionNode = FALSE
	EndGlobalSection
	GlobalSection(ExtensibilityGlobals) = postSolution
		SolutionGuid = {C8FE1D20-41DB-4986-8968-8D718AEE5694}
	EndGlobalSection
EndGlobal
